
Microsoft Visual Studio Solution File, Format Version 12.00
# Visual Studio Version 17
VisualStudioVersion = 17.0.32112.339
MinimumVisualStudioVersion = 10.0.40219.1
Project("{FAE04EC0-301F-11D3-BF4B-00C04F79EFBC}") = "tipos de variaveis", "tipos de variaveis.csproj", "{8E9FA443-8042-4F42-B85E-0FE9B3399765}"
EndProject
Global
	GlobalSection(SolutionConfigurationPlatforms) = preSolution
		Debug|Any CPU = Debug|Any CPU
		Release|Any CPU = Release|Any CPU
	EndGlobalSection
	GlobalSection(ProjectConfigurationPlatforms) = postSolution
		{8E9FA443-8042-4F42-B85E-0FE9B3399765}.Debug|Any CPU.ActiveCfg = Debug|Any CPU
		{8E9FA443-8042-4F42-B85E-0FE9B3399765}.Debug|Any CPU.Build.0 = Debug|Any CPU
		{8E9FA443-8042-4F42-B85E-0FE9B3399765}.Release|Any CPU.ActiveCfg = Release|Any CPU
		{8E9FA443-8042-4F42-B85E-0FE9B3399765}.Release|Any CPU.Build.0 = Release|Any CPU
	EndGlobalSection
	GlobalSection(SolutionProperties) = preSolution
		HideSolutionNode = FALSE
	EndGlobalSection
	GlobalSection(ExtensibilityGlobals) = postSolution
		SolutionGuid = {AF36043B-7210-4096-9F5A-23723FEB3EE8}
	EndGlobalSection
EndGlobal
